Microsoft Visual Studio Solution File, Format Version 12.00
Project("{FAE04EC0-301F-11D3-BF4B-00C04F79EFBC}") = "DataBall", "DataBall\DataBall.csproj", "{C8E269CC-AF52-424F-8D73-433CF35B2D59}"
EndProject
Global
	GlobalSection(SolutionConfigurationPlatforms) = preSolution
		Debug|Any CPU = Debug|Any CPU
		Release|Any CPU = Release|Any CPU
	EndGlobalSection
	GlobalSection(ProjectConfigurationPlatforms) = postSolution
		{C8E269CC-AF52-424F-8D73-433CF35B2D59}.Debug|Any CPU.ActiveCfg = Debug|Any CPU
		{C8E269CC-AF52-424F-8D73-433CF35B2D59}.Debug|Any CPU.Build.0 = Debug|Any CPU
		{C8E269CC-AF52-424F-8D73-433CF35B2D59}.Release|Any CPU.ActiveCfg = Release|Any CPU
		{C8E269CC-AF52-424F-8D73-433CF35B2D59}.Release|Any CPU.Build.0 = Release|Any CPU
	EndGlobalSection
EndGlobal