
Microsoft Visual Studio Solution File, Format Version 12.00
Project("{2150E333-8FDC-42A3-9474-1A3956D46DE8}") = "src", "src", "{827E0CD3-B72D-47B6-A68D-7590B98EB39B}"
EndProject
Project("{FAE04EC0-301F-11D3-BF4B-00C04F79EFBC}") = "DataBall", "src\DataBall\DataBall.csproj", "{4DA34605-F4D7-4BBE-BBDD-55660D5A4775}"
EndProject
Project("{2150E333-8FDC-42A3-9474-1A3956D46DE8}") = "tests", "tests", "{0AB3BF05-4346-4AA6-1389-037BE0695223}"
EndProject
Project("{FAE04EC0-301F-11D3-BF4B-00C04F79EFBC}") = "DataBall.Tests", "tests\DataBall.Tests\DataBall.Tests.csproj", "{641C14BA-7970-4628-B86D-B58C5394CCCE}"
EndProject
Global
	GlobalSection(SolutionConfigurationPlatforms) = preSolution
		Debug|Any CPU = Debug|Any CPU
		Debug|x64 = Debug|x64
		Debug|x86 = Debug|x86
		Release|Any CPU = Release|Any CPU
		Release|x64 = Release|x64
		Release|x86 = Release|x86
	EndGlobalSection
	GlobalSection(ProjectConfigurationPlatforms) = postSolution
		{4DA34605-F4D7-4BBE-BBDD-55660D5A4775}.Debug|Any CPU.ActiveCfg = Debug|Any CPU
		{4DA34605-F4D7-4BBE-BBDD-55660D5A4775}.Debug|Any CPU.Build.0 = Debug|Any CPU
		{4DA34605-F4D7-4BBE-BBDD-55660D5A4775}.Debug|x64.ActiveCfg = Debug|Any CPU
		{4DA34605-F4D7-4BBE-BBDD-55660D5A4775}.Debug|x64.Build.0 = Debug|Any CPU
		{4DA34605-F4D7-4BBE-BBDD-55660D5A4775}.Debug|x86.ActiveCfg = Debug|Any CPU
		{4DA34605-F4D7-4BBE-BBDD-55660D5A4775}.Debug|x86.Build.0 = Debug|Any CPU
		{4DA34605-F4D7-4BBE-BBDD-55660D5A4775}.Release|Any CPU.ActiveCfg = Release|Any CPU
		{4DA34605-F4D7-4BBE-BBDD-55660D5A4775}.Release|Any CPU.Build.0 = Release|Any CPU
		{4DA34605-F4D7-4BBE-BBDD-55660D5A4775}.Release|x64.ActiveCfg = Release|Any CPU
		{4DA34605-F4D7-4BBE-BBDD-55660D5A4775}.Release|x64.Build.0 = Release|Any CPU
		{4DA34605-F4D7-4BBE-BBDD-55660D5A4775}.Release|x86.ActiveCfg = Release|Any CPU
		{4DA34605-F4D7-4BBE-BBDD-55660D5A4775}.Release|x86.Build.0 = Release|Any CPU
		{641C14BA-7970-4628-B86D-B58C5394CCCE}.Debug|Any CPU.ActiveCfg = Debug|Any CPU
		{641C14BA-7970-4628-B86D-B58C5394CCCE}.Debug|Any CPU.Build.0 = Debug|Any CPU
		{641C14BA-7970-4628-B86D-B58C5394CCCE}.Debug|x64.ActiveCfg = Debug|Any CPU
		{641C14BA-7970-4628-B86D-B58C5394CCCE}.Debug|x64.Build.0 = Debug|Any CPU
		{641C14BA-7970-4628-B86D-B58C5394CCCE}.Debug|x86.ActiveCfg = Debug|Any CPU
		{641C14BA-7970-4628-B86D-B58C5394CCCE}.Debug|x86.Build.0 = Debug|Any CPU
		{641C14BA-7970-4628-B86D-B58C5394CCCE}.Release|Any CPU.ActiveCfg = Release|Any CPU
		{641C14BA-7970-4628-B86D-B58C5394CCCE}.Release|Any CPU.Build.0 = Release|Any CPU
		{641C14BA-7970-4628-B86D-B58C5394CCCE}.Release|x64.ActiveCfg = Release|Any CPU
		{641C14BA-7970-4628-B86D-B58C5394CCCE}.Release|x64.Build.0 = Release|Any CPU
		{641C14BA-7970-4628-B86D-B58C5394CCCE}.Release|x86.ActiveCfg = Release|Any CPU
		{641C14BA-7970-4628-B86D-B58C5394CCCE}.Release|x86.Build.0 = Release|Any CPU
	EndGlobalSection
	GlobalSection(SolutionProperties) = preSolution
		HideSolutionNode = FALSE
	EndGlobalSection
	GlobalSection(NestedProjects) = preSolution
		{4DA34605-F4D7-4BBE-BBDD-55660D5A4775} = {827E0CD3-B72D-47B6-A68D-7590B98EB39B}
		{641C14BA-7970-4628-B86D-B58C5394CCCE} = {0AB3BF05-4346-4AA6-1389-037BE0695223}
	EndGlobalSection
EndGlobal
